// !$*UTF8*$!
{
	archiveVersion = 1;
	classes = {
	};
	objectVersion = 56;
	objects = {

/* Begin PBXBuildFile section */
		55AC9C792C32DBA800A46151 /* JigitApp.swift in Sources */ = {isa = PBXBuildFile; fileRef = 55AC9C782C32DBA800A46151 /* JigitApp.swift */; };
		55AC9C7B2C32DBA800A46151 /* ContentView.swift in Sources */ = {isa = PBXBuildFile; fileRef = 55AC9C7A2C32DBA800A46151 /* ContentView.swift */; };
		55AC9C7D2C32DBAA00A46151 /* Assets.xcassets in Resources */ = {isa = PBXBuildFile; fileRef = 55AC9C7C2C32DBAA00A46151 /* Assets.xcassets */; };
		55AC9C812C32DBAA00A46151 /* Preview Assets.xcassets in Resources */ = {isa = PBXBuildFile; fileRef = 55AC9C802C32DBAA00A46151 /* Preview Assets.xcassets */; };
		55AC9C8B2C32DBAA00A46151 /* JigitTests.swift in Sources */ = {isa = PBXBuildFile; fileRef = 55AC9C8A2C32DBAA00A46151 /* JigitTests.swift */; };
		55AC9C952C32DBAA00A46151 /* JigitUITests.swift in Sources */ = {isa = PBXBuildFile; fileRef = 55AC9C942C32DBAA00A46151 /* JigitUITests.swift */; };
		55AC9C972C32DBAA00A46151 /* JigitUITestsLaunchTests.swift in Sources */ = {isa = PBXBuildFile; fileRef = 55AC9C962C32DBAA00A46151 /* JigitUITestsLaunchTests.swift */; };
/* End PBXBuildFile section */

/* Begin PBXContainerItemProxy section */
		55AC9C872C32DBAA00A46151 /* PBXContainerItemProxy */ = {
			isa = PBXContainerItemProxy;
			containerPortal = 55AC9C6D2C32DBA800A46151 /* Project object */;
			proxyType = 1;
			remoteGlobalIDString = 55AC9C742C32DBA800A46151;
			remoteInfo = Jigit;
		};
		55AC9C912C32DBAA00A46151 /* PBXContainerItemProxy */ = {
			isa = PBXContainerItemProxy;
			containerPortal = 55AC9C6D2C32DBA800A46151 /* Project object */;
			proxyType = 1;
			remoteGlobalIDString = 55AC9C742C32DBA800A46151;
			remoteInfo = Jigit;
		};
/* End PBXContainerItemProxy section */

/* Begin PBXFileReference section */
		55AC9C752C32DBA800A46151 /* Jigit.app */ = {isa = PBXFileReference; explicitFileType = wrapper.application; includeInIndex = 0; path = Jigit.app; sourceTree = BUILT_PRODUCTS_DIR; };
		55AC9C782C32DBA800A46151 /* JigitApp.swift */ = {isa = PBXFileReference; lastKnownFileType = sourcecode.swift; path = JigitApp.swift; sourceTree = "<group>"; };
		55AC9C7A2C32DBA800A46151 /* ContentView.swift */ = {isa = PBXFileReference; lastKnownFileType = sourcecode.swift; path = ContentView.swift; sourceTree = "<group>"; };
		55AC9C7C2C32DBAA00A46151 /* Assets.xcassets */ = {isa = PBXFileReference; lastKnownFileType = folder.assetcatalog; path = Assets.xcassets; sourceTree = "<group>"; };
		55AC9C7E2C32DBAA00A46151 /* Jigit.entitlements */ = {isa = PBXFileReference; lastKnownFileType = text.plist.entitlements; path = Jigit.entitlements; sourceTree = "<group>"; };
		55AC9C802C32DBAA00A46151 /* Preview Assets.xcassets */ = {isa = PBXFileReference; lastKnownFileType = folder.assetcatalog; path = "Preview Assets.xcassets"; sourceTree = "<group>"; };
		55AC9C862C32DBAA00A46151 /* JigitTests.xctest */ = {isa = PBXFileReference; explicitFileType = wrapper.cfbundle; includeInIndex = 0; path = JigitTests.xctest; sourceTree = BUILT_PRODUCTS_DIR; };
		55AC9C8A2C32DBAA00A46151 /* JigitTests.swift */ = {isa = PBXFileReference; lastKnownFileType = sourcecode.swift; path = JigitTests.swift; sourceTree = "<group>"; };
		55AC9C902C32DBAA00A46151 /* JigitUITests.xctest */ = {isa = PBXFileReference; explicitFileType = wrapper.cfbundle; includeInIndex = 0; path = JigitUITests.xctest; sourceTree = BUILT_PRODUCTS_DIR; };
		55AC9C942C32DBAA00A46151 /* JigitUITests.swift */ = {isa = PBXFileReference; lastKnownFileType = sourcecode.swift; path = JigitUITests.swift; sourceTree = "<group>"; };
		55AC9C962C32DBAA00A46151 /* JigitUITestsLaunchTests.swift */ = {isa = PBXFileReference; lastKnownFileType = sourcecode.swift; path = JigitUITestsLaunchTests.swift; sourceTree = "<group>"; };
/* End PBXFileReference section */

/* Begin PBXFrameworksBuildPhase section */
		55AC9C722C32DBA800A46151 /* Frameworks */ = {
			isa = PBXFrameworksBuildPhase;
			buildActionMask = 2147483647;
			files = (
			);
			runOnlyForDeploymentPostprocessing = 0;
		};
		55AC9C832C32DBAA00A46151 /* Frameworks */ = {
			isa = PBXFrameworksBuildPhase;
			buildActionMask = 2147483647;
			files = (
			);
			runOnlyForDeploymentPostprocessing = 0;
		};
		55AC9C8D2C32DBAA00A46151 /* Frameworks */ = {
			isa = PBXFrameworksBuildPhase;
			buildActionMask = 2147483647;
			files = (
			);
			runOnlyForDeploymentPostprocessing = 0;
		};
/* End PBXFrameworksBuildPhase section */

/* Begin PBXGroup section */
		55AC9C6C2C32DBA800A46151 = {
			isa = PBXGroup;
			children = (
				55AC9C772C32DBA800A46151 /* Jigit */,
				55AC9C892C32DBAA00A46151 /* JigitTests */,
				55AC9C932C32DBAA00A46151 /* JigitUITests */,
				55AC9C762C32DBA800A46151 /* Products */,
			);
			sourceTree = "<group>";
		};
		55AC9C762C32DBA800A46151 /* Products */ = {
			isa = PBXGroup;
			children = (
				55AC9C752C32DBA800A46151 /* Jigit.app */,
				55AC9C862C32DBAA00A46151 /* JigitTests.xctest */,
				55AC9C902C32DBAA00A46151 /* JigitUITests.xctest */,
			);
			name = Products;
			sourceTree = "<group>";
		};
		55AC9C772C32DBA800A46151 /* Jigit */ = {
			isa = PBXGroup;
			children = (
				55AC9C782C32DBA800A46151 /* JigitApp.swift */,
				55AC9C7A2C32DBA800A46151 /* ContentView.swift */,
				55AC9C7C2C32DBAA00A46151 /* Assets.xcassets */,
				55AC9C7E2C32DBAA00A46151 /* Jigit.entitlements */,
				55AC9C7F2C32DBAA00A46151 /* Preview Content */,
			);
			path = Jigit;
			sourceTree = "<group>";
		};
		55AC9C7F2C32DBAA00A46151 /* Preview Content */ = {
			isa = PBXGroup;
			children = (
				55AC9C802C32DBAA00A46151 /* Preview Assets.xcassets */,
			);
			path = "Preview Content";
			sourceTree = "<group>";
		};
		55AC9C892C32DBAA00A46151 /* JigitTests */ = {
			isa = PBXGroup;
			children = (
				55AC9C8A2C32DBAA00A46151 /* JigitTests.swift */,
			);
			path = JigitTests;
			sourceTree = "<group>";
		};
		55AC9C932C32DBAA00A46151 /* JigitUITests */ = {
			isa = PBXGroup;
			children = (
				55AC9C942C32DBAA00A46151 /* JigitUITests.swift */,
				55AC9C962C32DBAA00A46151 /* JigitUITestsLaunchTests.swift */,
			);
			path = JigitUITests;
			sourceTree = "<group>";
		};
/* End PBXGroup section */

/* Begin PBXNativeTarget section */
		55AC9C742C32DBA800A46151 /* Jigit */ = {
			isa = PBXNativeTarget;
			buildConfigurationList = 55AC9C9A2C32DBAA00A46151 /* Build configuration list for PBXNativeTarget "Jigit" */;
			buildPhases = (
				55AC9C712C32DBA800A46151 /* Sources */,
				55AC9C722C32DBA800A46151 /* Frameworks */,
				55AC9C732C32DBA800A46151 /* Resources */,
			);
			buildRules = (
			);
			dependencies = (
			);
			name = Jigit;
			productName = Jigit;
			productReference = 55AC9C752C32DBA800A46151 /* Jigit.app */;
			productType = "com.apple.product-type.application";
		};
		55AC9C852C32DBAA00A46151 /* JigitTests */ = {
			isa = PBXNativeTarget;
			buildConfigurationList = 55AC9C9D2C32DBAA00A46151 /* Build configuration list for PBXNativeTarget "JigitTests" */;
			buildPhases = (
				55AC9C822C32DBAA00A46151 /* Sources */,
				55AC9C832C32DBAA00A46151 /* Frameworks */,
				55AC9C842C32DBAA00A46151 /* Resources */,
			);
			buildRules = (
			);
			dependencies = (
				55AC9C882C32DBAA00A46151 /* PBXTargetDependency */,
			);
			name = JigitTests;
			productName = JigitTests;
			productReference = 55AC9C862C32DBAA00A46151 /* JigitTests.xctest */;
			productType = "com.apple.product-type.bundle.unit-test";
		};
		55AC9C8F2C32DBAA00A46151 /* JigitUITests */ = {
			isa = PBXNativeTarget;
			buildConfigurationList = 55AC9CA02C32DBAA00A46151 /* Build configuration list for PBXNativeTarget "JigitUITests" */;
			buildPhases = (
				55AC9C8C2C32DBAA00A46151 /* Sources */,
				55AC9C8D2C32DBAA00A46151 /* Frameworks */,
				55AC9C8E2C32DBAA00A46151 /* Resources */,
			);
			buildRules = (
			);
			dependencies = (
				55AC9C922C32DBAA00A46151 /* PBXTargetDependency */,
			);
			name = JigitUITests;
			productName = JigitUITests;
			productReference = 55AC9C902C32DBAA00A46151 /* JigitUITests.xctest */;
			productType = "com.apple.product-type.bundle.ui-testing";
		};
/* End PBXNativeTarget section */

/* Begin PBXProject section */
		55AC9C6D2C32DBA800A46151 /* Project object */ = {
			isa = PBXProject;
			attributes = {
				BuildIndependentTargetsInParallel = 1;
				LastSwiftUpdateCheck = 1540;
				LastUpgradeCheck = 1540;
				TargetAttributes = {
					55AC9C742C32DBA800A46151 = {
						CreatedOnToolsVersion = 15.4;
					};
					55AC9C852C32DBAA00A46151 = {
						CreatedOnToolsVersion = 15.4;
						TestTargetID = 55AC9C742C32DBA800A46151;
					};
					55AC9C8F2C32DBAA00A46151 = {
						CreatedOnToolsVersion = 15.4;
						TestTargetID = 55AC9C742C32DBA800A46151;
					};
				};
			};
			buildConfigurationList = 55AC9C702C32DBA800A46151 /* Build configuration list for PBXProject "Jigit" */;
			compatibilityVersion = "Xcode 14.0";
			developmentRegion = en;
			hasScannedForEncodings = 0;
			knownRegions = (
				en,
				Base,
			);
			mainGroup = 55AC9C6C2C32DBA800A46151;
			productRefGroup = 55AC9C762C32DBA800A46151 /* Products */;
			projectDirPath = "";
			projectRoot = "";
			targets = (
				55AC9C742C32DBA800A46151 /* Jigit */,
				55AC9C852C32DBAA00A46151 /* JigitTests */,
				55AC9C8F2C32DBAA00A46151 /* JigitUITests */,
			);
		};
/* End PBXProject section */

/* Begin PBXResourcesBuildPhase section */
		55AC9C732C32DBA800A46151 /* Resources */ = {
			isa = PBXResourcesBuildPhase;
			buildActionMask = 2147483647;
			files = (
				55AC9C812C32DBAA00A46151 /* Preview Assets.xcassets in Resources */,
				55AC9C7D2C32DBAA00A46151 /* Assets.xcassets in Resources */,
			);
			runOnlyForDeploymentPostprocessing = 0;
		};
		55AC9C842C32DBAA00A46151 /* Resources */ = {
			isa = PBXResourcesBuildPhase;
			buildActionMask = 2147483647;
			files = (
			);
			runOnlyForDeploymentPostprocessing = 0;
		};
		55AC9C8E2C32DBAA00A46151 /* Resources */ = {
			isa = PBXResourcesBuildPhase;
			buildActionMask = 2147483647;
			files = (
			);
			runOnlyForDeploymentPostprocessing = 0;
		};
/* End PBXResourcesBuildPhase section */

/* Begin PBXSourcesBuildPhase section */
		55AC9C712C32DBA800A46151 /* Sources */ = {
			isa = PBXSourcesBuildPhase;
			buildActionMask = 2147483647;
			files = (
				55AC9C7B2C32DBA800A46151 /* ContentView.swift in Sources */,
				55AC9C792C32DBA800A46151 /* JigitApp.swift in Sources */,
			);
			runOnlyForDeploymentPostprocessing = 0;
		};
		55AC9C822C32DBAA00A46151 /* Sources */ = {
			isa = PBXSourcesBuildPhase;
			buildActionMask = 2147483647;
			files = (
				55AC9C8B2C32DBAA00A46151 /* JigitTests.swift in Sources */,
			);
			runOnlyForDeploymentPostprocessing = 0;
		};
		55AC9C8C2C32DBAA00A46151 /* Sources */ = {
			isa = PBXSourcesBuildPhase;
			buildActionMask = 2147483647;
			files = (
				55AC9C972C32DBAA00A46151 /* JigitUITestsLaunchTests.swift in Sources */,
				55AC9C952C32DBAA00A46151 /* JigitUITests.swift in Sources */,
			);
			runOnlyForDeploymentPostprocessing = 0;
		};
/* End PBXSourcesBuildPhase section */

/* Begin PBXTargetDependency section */
		55AC9C882C32DBAA00A46151 /* PBXTargetDependency */ = {
			isa = PBXTargetDependency;
			target = 55AC9C742C32DBA800A46151 /* Jigit */;
			targetProxy = 55AC9C872C32DBAA00A46151 /* PBXContainerItemProxy */;
		};
		55AC9C922C32DBAA00A46151 /* PBXTargetDependency */ = {
			isa = PBXTargetDependency;
			target = 55AC9C742C32DBA800A46151 /* Jigit */;
			targetProxy = 55AC9C912C32DBAA00A46151 /* PBXContainerItemProxy */;
		};
/* End PBXTargetDependency section */

/* Begin XCBuildConfiguration section */
		55AC9C982C32DBAA00A46151 /* Debug */ = {
			isa = XCBuildConfiguration;
			buildSettings = {
				ALWAYS_SEARCH_USER_PATHS = NO;
				ASSETCATALOG_COMPILER_GENERATE_SWIFT_ASSET_SYMBOL_EXTENSIONS = YES;
				CLANG_ANALYZER_NONNULL = YES;
				CLANG_ANALYZER_NUMBER_OBJECT_CONVERSION = YES_AGGRESSIVE;
				CLANG_CXX_LANGUAGE_STANDARD = "gnu++20";
				CLANG_ENABLE_MODULES = YES;
				CLANG_ENABLE_OBJC_ARC = YES;
				CLANG_ENABLE_OBJC_WEAK = YES;
				CLANG_WARN_BLOCK_CAPTURE_AUTORELEASING = YES;
				CLANG_WARN_BOOL_CONVERSION = YES;
				CLANG_WARN_COMMA = YES;
				CLANG_WARN_CONSTANT_CONVERSION = YES;
				CLANG_WARN_DEPRECATED_OBJC_IMPLEMENTATIONS = YES;
				CLANG_WARN_DIRECT_OBJC_ISA_USAGE = YES_ERROR;
				CLANG_WARN_DOCUMENTATION_COMMENTS = YES;
				CLANG_WARN_EMPTY_BODY = YES;
				CLANG_WARN_ENUM_CONVERSION = YES;
				CLANG_WARN_INFINITE_RECURSION = YES;
				CLANG_WARN_INT_CONVERSION = YES;
				CLANG_WARN_NON_LITERAL_NULL_CONVERSION = YES;
				CLANG_WARN_OBJC_IMPLICIT_RETAIN_SELF = YES;
				CLANG_WARN_OBJC_LITERAL_CONVERSION = YES;
				CLANG_WARN_OBJC_ROOT_CLASS = YES_ERROR;
				CLANG_WARN_QUOTED_INCLUDE_IN_FRAMEWORK_HEADER = YES;
				CLANG_WARN_RANGE_LOOP_ANALYSIS = YES;
				CLANG_WARN_STRICT_PROTOTYPES = YES;
				CLANG_WARN_SUSPICIOUS_MOVE = YES;
				CLANG_WARN_UNGUARDED_AVAILABILITY = YES_AGGRESSIVE;
				CLANG_WARN_UNREACHABLE_CODE = YES;
				CLANG_WARN__DUPLICATE_METHOD_MATCH = YES;
				COPY_PHASE_STRIP = NO;
				DEBUG_INFORMATION_FORMAT = dwarf;
				ENABLE_STRICT_OBJC_MSGSEND = YES;
				ENABLE_TESTABILITY = YES;
				ENABLE_USER_SCRIPT_SANDBOXING = YES;
				GCC_C_LANGUAGE_STANDARD = gnu17;
				GCC_DYNAMIC_NO_PIC = NO;
				GCC_NO_COMMON_BLOCKS = YES;
				GCC_OPTIMIZATION_LEVEL = 0;
				GCC_PREPROCESSOR_DEFINITIONS = (
					"DEBUG=1",
					"$(inherited)",
				);
				GCC_WARN_64_TO_32_BIT_CONVERSION = YES;
				GCC_WARN_ABOUT_RETURN_TYPE = YES_ERROR;
				GCC_WARN_UNDECLARED_SELECTOR = YES;
				GCC_WARN_UNINITIALIZED_AUTOS = YES_AGGRESSIVE;
				GCC_WARN_UNUSED_FUNCTION = YES;
				GCC_WARN_UNUSED_VARIABLE = YES;
				LOCALIZATION_PREFERS_STRING_CATALOGS = YES;
				MTL_ENABLE_DEBUG_INFO = INCLUDE_SOURCE;
				MTL_FAST_MATH = YES;
				ONLY_ACTIVE_ARCH = YES;
				SWIFT_ACTIVE_COMPILATION_CONDITIONS = "DEBUG $(inherited)";
				SWIFT_OPTIMIZATION_LEVEL = "-Onone";
			};
			name = Debug;
		};
		55AC9C992C32DBAA00A46151 /* Release */ = {
			isa = XCBuildConfiguration;
			buildSettings = {
				ALWAYS_SEARCH_USER_PATHS = NO;
				ASSETCATALOG_COMPILER_GENERATE_SWIFT_ASSET_SYMBOL_EXTENSIONS = YES;
				CLANG_ANALYZER_NONNULL = YES;
				CLANG_ANALYZER_NUMBER_OBJECT_CONVERSION = YES_AGGRESSIVE;
				CLANG_CXX_LANGUAGE_STANDARD = "gnu++20";
				CLANG_ENABLE_MODULES = YES;
				CLANG_ENABLE_OBJC_ARC = YES;
				CLANG_ENABLE_OBJC_WEAK = YES;
				CLANG_WARN_BLOCK_CAPTURE_AUTORELEASING = YES;
				CLANG_WARN_BOOL_CONVERSION = YES;
				CLANG_WARN_COMMA = YES;
				CLANG_WARN_CONSTANT_CONVERSION = YES;
				CLANG_WARN_DEPRECATED_OBJC_IMPLEMENTATIONS = YES;
				CLANG_WARN_DIRECT_OBJC_ISA_USAGE = YES_ERROR;
				CLANG_WARN_DOCUMENTATION_COMMENTS = YES;
				CLANG_WARN_EMPTY_BODY = YES;
				CLANG_WARN_ENUM_CONVERSION = YES;
				CLANG_WARN_INFINITE_RECURSION = YES;
				CLANG_WARN_INT_CONVERSION = YES;
				CLANG_WARN_NON_LITERAL_NULL_CONVERSION = YES;
				CLANG_WARN_OBJC_IMPLICIT_RETAIN_SELF = YES;
				CLANG_WARN_OBJC_LITERAL_CONVERSION = YES;
				CLANG_WARN_OBJC_ROOT_CLASS = YES_ERROR;
				CLANG_WARN_QUOTED_INCLUDE_IN_FRAMEWORK_HEADER = YES;
				CLANG_WARN_RANGE_LOOP_ANALYSIS = YES;
				CLANG_WARN_STRICT_PROTOTYPES = YES;
				CLANG_WARN_SUSPICIOUS_MOVE = YES;
				CLANG_WARN_UNGUARDED_AVAILABILITY = YES_AGGRESSIVE;
				CLANG_WARN_UNREACHABLE_CODE = YES;
				CLANG_WARN__DUPLICATE_METHOD_MATCH = YES;
				COPY_PHASE_STRIP = NO;
				DEBUG_INFORMATION_FORMAT = "dwarf-with-dsym";
				ENABLE_NS_ASSERTIONS = NO;
				ENABLE_STRICT_OBJC_MSGSEND = YES;
				ENABLE_USER_SCRIPT_SANDBOXING = YES;
				GCC_C_LANGUAGE_STANDARD = gnu17;
				GCC_NO_COMMON_BLOCKS = YES;
				GCC_WARN_64_TO_32_BIT_CONVERSION = YES;
				GCC_WARN_ABOUT_RETURN_TYPE = YES_ERROR;
				GCC_WARN_UNDECLARED_SELECTOR = YES;
				GCC_WARN_UNINITIALIZED_AUTOS = YES_AGGRESSIVE;
				GCC_WARN_UNUSED_FUNCTION = YES;
				GCC_WARN_UNUSED_VARIABLE = YES;
				LOCALIZATION_PREFERS_STRING_CATALOGS = YES;
				MTL_ENABLE_DEBUG_INFO = NO;
				MTL_FAST_MATH = YES;
				SWIFT_COMPILATION_MODE = wholemodule;
			};
			name = Release;
		};
		55AC9C9B2C32DBAA00A46151 /* Debug */ = {
			isa = XCBuildConfiguration;
			buildSettings = {
				ASSETCATALOG_COMPILER_APPICON_NAME = AppIcon;
				ASSETCATALOG_COMPILER_GLOBAL_ACCENT_COLOR_NAME = AccentColor;
				CODE_SIGN_ENTITLEMENTS = Jigit/Jigit.entitlements;
				CODE_SIGN_STYLE = Automatic;
				CURRENT_PROJECT_VERSION = 1;
				DEVELOPMENT_ASSET_PATHS = "\"Jigit/Preview Content\"";
				ENABLE_PREVIEWS = YES;
				GENERATE_INFOPLIST_FILE = YES;
				"INFOPLIST_KEY_UIApplicationSceneManifest_Generation[sdk=iphoneos*]" = YES;
				"INFOPLIST_KEY_UIApplicationSceneManifest_Generation[sdk=iphonesimulator*]" = YES;
				"INFOPLIST_KEY_UIApplicationSupportsIndirectInputEvents[sdk=iphoneos*]" = YES;
				"INFOPLIST_KEY_UIApplicationSupportsIndirectInputEvents[sdk=iphonesimulator*]" = YES;
				"INFOPLIST_KEY_UILaunchScreen_Generation[sdk=iphoneos*]" = YES;
				"INFOPLIST_KEY_UILaunchScreen_Generation[sdk=iphonesimulator*]" = YES;
				"INFOPLIST_KEY_UIStatusBarStyle[sdk=iphoneos*]" = UIStatusBarStyleDefault;
				"INFOPLIST_KEY_UIStatusBarStyle[sdk=iphonesimulator*]" = UIStatusBarStyleDefault;
				INFOPLIST_KEY_UISupportedInterfaceOrientations_iPad = "UIInterfaceOrientationPortrait UIInterfaceOrientationPortraitUpsideDown UIInterfaceOrientationLandscapeLeft UIInterfaceOrientationLandscapeRight";
				INFOPLIST_KEY_UISupportedInterfaceOrientations_iPhone = "UIInterfaceOrientationPortrait UIInterfaceOrientationLandscapeLeft UIInterfaceOrientationLandscapeRight";
				IPHONEOS_DEPLOYMENT_TARGET = 17.5;
				LD_RUNPATH_SEARCH_PATHS = "@executable_path/Frameworks";
				"LD_RUNPATH_SEARCH_PATHS[sdk=macosx*]" = "@executable_path/../Frameworks";
				MACOSX_DEPLOYMENT_TARGET = 14.5;
				MARKETING_VERSION = 1.0;
				PRODUCT_BUNDLE_IDENTIFIER = com.jigit.Jigit;
				PRODUCT_NAME = "$(TARGET_NAME)";
				SDKROOT = auto;
				SUPPORTED_PLATFORMS = "iphoneos iphonesimulator macosx";
				SWIFT_EMIT_LOC_STRINGS = YES;
				SWIFT_VERSION = 5.0;
				TARGETED_DEVICE_FAMILY = "1,2";
			};
			name = Debug;
		};
		55AC9C9C2C32DBAA00A46151 /* Release */ = {
			isa = XCBuildConfiguration;
			buildSettings = {
				ASSETCATALOG_COMPILER_APPICON_NAME = AppIcon;
				ASSETCATALOG_COMPILER_GLOBAL_ACCENT_COLOR_NAME = AccentColor;
				CODE_SIGN_ENTITLEMENTS = Jigit/Jigit.entitlements;
				CODE_SIGN_STYLE = Automatic;
				CURRENT_PROJECT_VERSION = 1;
				DEVELOPMENT_ASSET_PATHS = "\"Jigit/Preview Content\"";
				ENABLE_PREVIEWS = YES;
				GENERATE_INFOPLIST_FILE = YES;
				"INFOPLIST_KEY_UIApplicationSceneManifest_Generation[sdk=iphoneos*]" = YES;
				"INFOPLIST_KEY_UIApplicationSceneManifest_Generation[sdk=iphonesimulator*]" = YES;
				"INFOPLIST_KEY_UIApplicationSupportsIndirectInputEvents[sdk=iphoneos*]" = YES;
				"INFOPLIST_KEY_UIApplicationSupportsIndirectInputEvents[sdk=iphonesimulator*]" = YES;
				"INFOPLIST_KEY_UILaunchScreen_Generation[sdk=iphoneos*]" = YES;
				"INFOPLIST_KEY_UILaunchScreen_Generation[sdk=iphonesimulator*]" = YES;
				"INFOPLIST_KEY_UIStatusBarStyle[sdk=iphoneos*]" = UIStatusBarStyleDefault;
				"INFOPLIST_KEY_UIStatusBarStyle[sdk=iphonesimulator*]" = UIStatusBarStyleDefault;
				INFOPLIST_KEY_UISupportedInterfaceOrientations_iPad = "UIInterfaceOrientationPortrait UIInterfaceOrientationPortraitUpsideDown UIInterfaceOrientationLandscapeLeft UIInterfaceOrientationLandscapeRight";
				INFOPLIST_KEY_UISupportedInterfaceOrientations_iPhone = "UIInterfaceOrientationPortrait UIInterfaceOrientationLandscapeLeft UIInterfaceOrientationLandscapeRight";
				IPHONEOS_DEPLOYMENT_TARGET = 17.5;
				LD_RUNPATH_SEARCH_PATHS = "@executable_path/Frameworks";
				"LD_RUNPATH_SEARCH_PATHS[sdk=macosx*]" = "@executable_path/../Frameworks";
				MACOSX_DEPLOYMENT_TARGET = 14.5;
				MARKETING_VERSION = 1.0;
				PRODUCT_BUNDLE_IDENTIFIER = com.jigit.Jigit;
				PRODUCT_NAME = "$(TARGET_NAME)";
				SDKROOT = auto;
				SUPPORTED_PLATFORMS = "iphoneos iphonesimulator macosx";
				SWIFT_EMIT_LOC_STRINGS = YES;
				SWIFT_VERSION = 5.0;
				TARGETED_DEVICE_FAMILY = "1,2";
			};
			name = Release;
		};
		55AC9C9E2C32DBAA00A46151 /* Debug */ = {
			isa = XCBuildConfiguration;
			buildSettings = {
				ALWAYS_EMBED_SWIFT_STANDARD_LIBRARIES = YES;
				BUNDLE_LOADER = "$(TEST_HOST)";
				CODE_SIGN_STYLE = Automatic;
				CURRENT_PROJECT_VERSION = 1;
				GENERATE_INFOPLIST_FILE = YES;
				IPHONEOS_DEPLOYMENT_TARGET = 17.5;
				MACOSX_DEPLOYMENT_TARGET = 14.5;
				MARKETING_VERSION = 1.0;
				PRODUCT_BUNDLE_IDENTIFIER = com.jigit.JigitTests;
				PRODUCT_NAME = "$(TARGET_NAME)";
				SDKROOT = auto;
				SUPPORTED_PLATFORMS = "iphoneos iphonesimulator macosx";
				SWIFT_EMIT_LOC_STRINGS = NO;
				SWIFT_VERSION = 5.0;
				TARGETED_DEVICE_FAMILY = "1,2";
				TEST_HOST = "$(BUILT_PRODUCTS_DIR)/Jigit.app/$(BUNDLE_EXECUTABLE_FOLDER_PATH)/Jigit";
			};
			name = Debug;
		};
		55AC9C9F2C32DBAA00A46151 /* Release */ = {
			isa = XCBuildConfiguration;
			buildSettings = {
				ALWAYS_EMBED_SWIFT_STANDARD_LIBRARIES = YES;
				BUNDLE_LOADER = "$(TEST_HOST)";
				CODE_SIGN_STYLE = Automatic;
				CURRENT_PROJECT_VERSION = 1;
				GENERATE_INFOPLIST_FILE = YES;
				IPHONEOS_DEPLOYMENT_TARGET = 17.5;
				MACOSX_DEPLOYMENT_TARGET = 14.5;
				MARKETING_VERSION = 1.0;
				PRODUCT_BUNDLE_IDENTIFIER = com.jigit.JigitTests;
				PRODUCT_NAME = "$(TARGET_NAME)";
				SDKROOT = auto;
				SUPPORTED_PLATFORMS = "iphoneos iphonesimulator macosx";
				SWIFT_EMIT_LOC_STRINGS = NO;
				SWIFT_VERSION = 5.0;
				TARGETED_DEVICE_FAMILY = "1,2";
				TEST_HOST = "$(BUILT_PRODUCTS_DIR)/Jigit.app/$(BUNDLE_EXECUTABLE_FOLDER_PATH)/Jigit";
			};
			name = Release;
		};
		55AC9CA12C32DBAA00A46151 /* Debug */ = {
			isa = XCBuildConfiguration;
			buildSettings = {
				ALWAYS_EMBED_SWIFT_STANDARD_LIBRARIES = YES;
				CODE_SIGN_STYLE = Automatic;
				CURRENT_PROJECT_VERSION = 1;
				GENERATE_INFOPLIST_FILE = YES;
				IPHONEOS_DEPLOYMENT_TARGET = 17.5;
				MACOSX_DEPLOYMENT_TARGET = 14.5;
				MARKETING_VERSION = 1.0;
				PRODUCT_BUNDLE_IDENTIFIER = com.jigit.JigitUITests;
				PRODUCT_NAME = "$(TARGET_NAME)";
				SDKROOT = auto;
				SUPPORTED_PLATFORMS = "iphoneos iphonesimulator macosx";
				SWIFT_EMIT_LOC_STRINGS = NO;
				SWIFT_VERSION = 5.0;
				TARGETED_DEVICE_FAMILY = "1,2";
				TEST_TARGET_NAME = Jigit;
			};
			name = Debug;
		};
		55AC9CA22C32DBAA00A46151 /* Release */ = {
			isa = XCBuildConfiguration;
			buildSettings = {
				ALWAYS_EMBED_SWIFT_STANDARD_LIBRARIES = YES;
				CODE_SIGN_STYLE = Automatic;
				CURRENT_PROJECT_VERSION = 1;
				GENERATE_INFOPLIST_FILE = YES;
				IPHONEOS_DEPLOYMENT_TARGET = 17.5;
				MACOSX_DEPLOYMENT_TARGET = 14.5;
				MARKETING_VERSION = 1.0;
				PRODUCT_BUNDLE_IDENTIFIER = com.jigit.JigitUITests;
				PRODUCT_NAME = "$(TARGET_NAME)";
				SDKROOT = auto;
				SUPPORTED_PLATFORMS = "iphoneos iphonesimulator macosx";
				SWIFT_EMIT_LOC_STRINGS = NO;
				SWIFT_VERSION = 5.0;
				TARGETED_DEVICE_FAMILY = "1,2";
				TEST_TARGET_NAME = Jigit;
			};
			name = Release;
		};
/* End XCBuildConfiguration section */

/* Begin XCConfigurationList section */
		55AC9C702C32DBA800A46151 /* Build configuration list for PBXProject "Jigit" */ = {
			isa = XCConfigurationList;
			buildConfigurations = (
				55AC9C982C32DBAA00A46151 /* Debug */,
				55AC9C992C32DBAA00A46151 /* Release */,
			);
			defaultConfigurationIsVisible = 0;
			defaultConfigurationName = Release;
		};
		55AC9C9A2C32DBAA00A46151 /* Build configuration list for PBXNativeTarget "Jigit" */ = {
			isa = XCConfigurationList;
			buildConfigurations = (
				55AC9C9B2C32DBAA00A46151 /* Debug */,
				55AC9C9C2C32DBAA00A46151 /* Release */,
			);
			defaultConfigurationIsVisible = 0;
			defaultConfigurationName = Release;
		};
		55AC9C9D2C32DBAA00A46151 /* Build configuration list for PBXNativeTarget "JigitTests" */ = {
			isa = XCConfigurationList;
			buildConfigurations = (
				55AC9C9E2C32DBAA00A46151 /* Debug */,
				55AC9C9F2C32DBAA00A46151 /* Release */,
			);
			defaultConfigurationIsVisible = 0;
			defaultConfigurationName = Release;
		};
		55AC9CA02C32DBAA00A46151 /* Build configuration list for PBXNativeTarget "JigitUITests" */ = {
			isa = XCConfigurationList;
			buildConfigurations = (
				55AC9CA12C32DBAA00A46151 /* Debug */,
				55AC9CA22C32DBAA00A46151 /* Release */,
			);
			defaultConfigurationIsVisible = 0;
			defaultConfigurationName = Release;
		};
/* End XCConfigurationList section */
	};
	rootObject = 55AC9C6D2C32DBA800A46151 /* Project object */;
}
